
Microsoft Visual Studio Solution File, Format Version 12.00
# Visual Studio Version 17
VisualStudioVersion = 17.9.34622.214
MinimumVisualStudioVersion = 10.0.40219.1
Project("{9A19103F-16F7-4668-BE54-9A1E7A4F7556}") = "Flycatcher", "Flycatcher\Flycatcher.csproj", "{E0B22BD6-CA20-4374-9EF8-593EBED318DA}"
EndProject
Project("{9A19103F-16F7-4668-BE54-9A1E7A4F7556}") = "Flycatcher.Services", "Flycatcher.Services\Flycatcher.Services.csproj", "{94290CEC-03A1-48AD-9DE5-002305B9C1DB}"
EndProject
Project("{9A19103F-16F7-4668-BE54-9A1E7A4F7556}") = "Flycatcher.DataAccess", "Flycatcher.DataAccess\Flycatcher.DataAccess.csproj", "{8CD54EA0-BDDD-4735-8743-93E5E0E47DFB}"
EndProject
Project("{FAE04EC0-301F-11D3-BF4B-00C04F79EFBC}") = "Flycatcher.Models", "Flycatcher.Models\Flycatcher.Models.csproj", "{D8073654-3463-499E-8CD1-AE7012A434A7}"
EndProject
Project("{2150E333-8FDC-42A3-9474-1A3956D46DE8}") = "Tests", "Tests", "{9E0C7335-FB8D-483B-80B5-9C5A4D7E4379}"
EndProject
Project("{FAE04EC0-301F-11D3-BF4B-00C04F79EFBC}") = "Flycatcher.Tests", "Flycatcher.Tests\Flycatcher.Tests.csproj", "{7A2855E5-8D6F-441A-A012-B14072B39C7A}"
EndProject
Project("{FAE04EC0-301F-11D3-BF4B-00C04F79EFBC}") = "Flycatcher.Classes", "Flycatcher.Classes\Flycatcher.Classes.csproj", "{90B18B98-6A6A-4382-9498-AA1FEC37A187}"
EndProject
Global
	GlobalSection(SolutionConfigurationPlatforms) = preSolution
		Debug|Any CPU = Debug|Any CPU
		Release|Any CPU = Release|Any CPU
	EndGlobalSection
	GlobalSection(ProjectConfigurationPlatforms) = postSolution
		{E0B22BD6-CA20-4374-9EF8-593EBED318DA}.Debug|Any CPU.ActiveCfg = Debug|Any CPU
		{E0B22BD6-CA20-4374-9EF8-593EBED318DA}.Debug|Any CPU.Build.0 = Debug|Any CPU
		{E0B22BD6-CA20-4374-9EF8-593EBED318DA}.Release|Any CPU.ActiveCfg = Release|Any CPU
		{E0B22BD6-CA20-4374-9EF8-593EBED318DA}.Release|Any CPU.Build.0 = Release|Any CPU
		{94290CEC-03A1-48AD-9DE5-002305B9C1DB}.Debug|Any CPU.ActiveCfg = Debug|Any CPU
		{94290CEC-03A1-48AD-9DE5-002305B9C1DB}.Debug|Any CPU.Build.0 = Debug|Any CPU
		{94290CEC-03A1-48AD-9DE5-002305B9C1DB}.Release|Any CPU.ActiveCfg = Release|Any CPU
		{94290CEC-03A1-48AD-9DE5-002305B9C1DB}.Release|Any CPU.Build.0 = Release|Any CPU
		{8CD54EA0-BDDD-4735-8743-93E5E0E47DFB}.Debug|Any CPU.ActiveCfg = Debug|Any CPU
		{8CD54EA0-BDDD-4735-8743-93E5E0E47DFB}.Debug|Any CPU.Build.0 = Debug|Any CPU
		{8CD54EA0-BDDD-4735-8743-93E5E0E47DFB}.Release|Any CPU.ActiveCfg = Release|Any CPU
		{8CD54EA0-BDDD-4735-8743-93E5E0E47DFB}.Release|Any CPU.Build.0 = Release|Any CPU
		{D8073654-3463-499E-8CD1-AE7012A434A7}.Debug|Any CPU.ActiveCfg = Debug|Any CPU
		{D8073654-3463-499E-8CD1-AE7012A434A7}.Debug|Any CPU.Build.0 = Debug|Any CPU
		{D8073654-3463-499E-8CD1-AE7012A434A7}.Release|Any CPU.ActiveCfg = Release|Any CPU
		{D8073654-3463-499E-8CD1-AE7012A434A7}.Release|Any CPU.Build.0 = Release|Any CPU
		{7A2855E5-8D6F-441A-A012-B14072B39C7A}.Debug|Any CPU.ActiveCfg = Debug|Any CPU
		{7A2855E5-8D6F-441A-A012-B14072B39C7A}.Debug|Any CPU.Build.0 = Debug|Any CPU
		{7A2855E5-8D6F-441A-A012-B14072B39C7A}.Release|Any CPU.ActiveCfg = Release|Any CPU
		{7A2855E5-8D6F-441A-A012-B14072B39C7A}.Release|Any CPU.Build.0 = Release|Any CPU
		{90B18B98-6A6A-4382-9498-AA1FEC37A187}.Debug|Any CPU.ActiveCfg = Debug|Any CPU
		{90B18B98-6A6A-4382-9498-AA1FEC37A187}.Debug|Any CPU.Build.0 = Debug|Any CPU
		{90B18B98-6A6A-4382-9498-AA1FEC37A187}.Release|Any CPU.ActiveCfg = Release|Any CPU
		{90B18B98-6A6A-4382-9498-AA1FEC37A187}.Release|Any CPU.Build.0 = Release|Any CPU
	EndGlobalSection
	GlobalSection(SolutionProperties) = preSolution
		HideSolutionNode = FALSE
	EndGlobalSection
	GlobalSection(NestedProjects) = preSolution
		{7A2855E5-8D6F-441A-A012-B14072B39C7A} = {9E0C7335-FB8D-483B-80B5-9C5A4D7E4379}
	EndGlobalSection
	GlobalSection(ExtensibilityGlobals) = postSolution
		SolutionGuid = {1529A255-9E3C-4A0E-BD9F-525CC17104E5}
	EndGlobalSection
EndGlobal
